version = 1
revision = 3
requires-python = "==3.11.10"

[[package]]
name = "certifi"
version = "2025.8.3"
source = { registry = "https://pypi.org/simple" }
sdist = { url = "https://files.pythonhosted.org/packages/dc/67/960ebe6bf230a96cda2e0abcf73af550ec4f090005363542f0765df162e0/certifi-2025.8.3.tar.gz", hash = "sha256:e564105f78ded564e3ae7c923924435e1daa7463faeab5bb932bc53ffae63407", size = 162386, upload-time = "2025-08-03T03:07:47.08Z" }
wheels = [
    { url = "https://files.pythonhosted.org/packages/e5/48/1549795ba7742c948d2ad169c1c8cdbae65bc450d6cd753d124b17c8cd32/certifi-2025.8.3-py3-none-any.whl", hash = "sha256:f6c12493cfb1b06ba2ff328595af9350c65d6644968e5d3a2ffd78699af217a5", size = 161216, upload-time = "2025-08-03T03:07:45.777Z" },
]

[[package]]
name = "charset-normalizer"
version = "3.4.3"
source = { registry = "https://pypi.org/simple" }
sdist = { url = "https://files.pythonhosted.org/packages/83/2d/5fd176ceb9b2fc619e63405525573493ca23441330fcdaee6bef9460e924/charset_normalizer-3.4.3.tar.gz", hash = "sha256:6fce4b8500244f6fcb71465d4a4930d132ba9ab8e71a7859e6a5d59851068d14", size = 122371, upload-time = "2025-08-09T07:57:28.46Z" }
wheels = [
    { url = "https://files.pythonhosted.org/packages/7f/b5/991245018615474a60965a7c9cd2b4efbaabd16d582a5547c47ee1c7730b/charset_normalizer-3.4.3-cp311-cp311-macosx_10_9_universal2.whl", hash = "sha256:b256ee2e749283ef3ddcff51a675ff43798d92d746d1a6e4631bf8c707d22d0b", size = 204483, upload-time = "2025-08-09T07:55:53.12Z" },
    { url = "https://files.pythonhosted.org/packages/c7/2a/ae245c41c06299ec18262825c1569c5d3298fc920e4ddf56ab011b417efd/charset_normalizer-3.4.3-cp311-cp311-manylinux2014_aarch64.manylinux_2_17_aarch64.manylinux_2_28_aarch64.whl", hash = "sha256:13faeacfe61784e2559e690fc53fa4c5ae97c6fcedb8eb6fb8d0a15b475d2c64", size = 145520, upload-time = "2025-08-09T07:55:54.712Z" },
    { url = "https://files.pythonhosted.org/packages/3a/a4/b3b6c76e7a635748c4421d2b92c7b8f90a432f98bda5082049af37ffc8e3/charset_normalizer-3.4.3-cp311-cp311-manylinux2014_ppc64le.manylinux_2_17_ppc64le.manylinux_2_28_ppc64le.whl", hash = "sha256:00237675befef519d9af72169d8604a067d92755e84fe76492fef5441db05b91", size = 158876, upload-time = "2025-08-09T07:55:56.024Z" },
    { url = "https://files.pythonhosted.org/packages/e2/e6/63bb0e10f90a8243c5def74b5b105b3bbbfb3e7bb753915fe333fb0c11ea/charset_normalizer-3.4.3-cp311-cp311-manylinux2014_s390x.manylinux_2_17_s390x.manylinux_2_28_s390x.whl", hash = "sha256:585f3b2a80fbd26b048a0be90c5aae8f06605d3c92615911c3a2b03a8a3b796f", size = 156083, upload-time = "2025-08-09T07:55:57.582Z" },
    { url = "https://files.pythonhosted.org/packages/87/df/b7737ff046c974b183ea9aa111b74185ac8c3a326c6262d413bd5a1b8c69/charset_normalizer-3.4.3-cp311-cp311-manylinux2014_x86_64.manylinux_2_17_x86_64.manylinux_2_28_x86_64.whl", hash = "sha256:0e78314bdc32fa80696f72fa16dc61168fda4d6a0c014e0380f9d02f0e5d8a07", size = 150295, upload-time = "2025-08-09T07:55:59.147Z" },
    { url = "https://files.pythonhosted.org/packages/61/f1/190d9977e0084d3f1dc169acd060d479bbbc71b90bf3e7bf7b9927dec3eb/charset_normalizer-3.4.3-cp311-cp311-musllinux_1_2_aarch64.whl", hash = "sha256:96b2b3d1a83ad55310de8c7b4a2d04d9277d5591f40761274856635acc5fcb30", size = 148379, upload-time = "2025-08-09T07:56:00.364Z" },
    { url = "https://files.pythonhosted.org/packages/4c/92/27dbe365d34c68cfe0ca76f1edd70e8705d82b378cb54ebbaeabc2e3029d/charset_normalizer-3.4.3-cp311-cp311-musllinux_1_2_ppc64le.whl", hash = "sha256:939578d9d8fd4299220161fdd76e86c6a251987476f5243e8864a7844476ba14", size = 160018, upload-time = "2025-08-09T07:56:01.678Z" },
    { url = "https://files.pythonhosted.org/packages/99/04/baae2a1ea1893a01635d475b9261c889a18fd48393634b6270827869fa34/charset_normalizer-3.4.3-cp311-cp311-musllinux_1_2_s390x.whl", hash = "sha256:fd10de089bcdcd1be95a2f73dbe6254798ec1bda9f450d5828c96f93e2536b9c", size = 157430, upload-time = "2025-08-09T07:56:02.87Z" },
    { url = "https://files.pythonhosted.org/packages/2f/36/77da9c6a328c54d17b960c89eccacfab8271fdaaa228305330915b88afa9/charset_normalizer-3.4.3-cp311-cp311-musllinux_1_2_x86_64.whl", hash = "sha256:1e8ac75d72fa3775e0b7cb7e4629cec13b7514d928d15ef8ea06bca03ef01cae", size = 151600, upload-time = "2025-08-09T07:56:04.089Z" },
    { url = "https://files.pythonhosted.org/packages/64/d4/9eb4ff2c167edbbf08cdd28e19078bf195762e9bd63371689cab5ecd3d0d/charset_normalizer-3.4.3-cp311-cp311-win32.whl", hash = "sha256:6cf8fd4c04756b6b60146d98cd8a77d0cdae0e1ca20329da2ac85eed779b6849", size = 99616, upload-time = "2025-08-09T07:56:05.658Z" },
    { url = "https://files.pythonhosted.org/packages/f4/9c/996a4a028222e7761a96634d1820de8a744ff4327a00ada9c8942033089b/charset_normalizer-3.4.3-cp311-cp311-win_amd64.whl", hash = "sha256:31a9a6f775f9bcd865d88ee350f0ffb0e25936a7f930ca98995c05abf1faf21c", size = 107108, upload-time = "2025-08-09T07:56:07.176Z" },
    { url = "https://files.pythonhosted.org/packages/8a/1f/f041989e93b001bc4e44bb1669ccdcf54d3f00e628229a85b08d330615c5/charset_normalizer-3.4.3-py3-none-any.whl", hash = "sha256:ce571ab16d890d23b5c278547ba694193a45011ff86a9162a71307ed9f86759a", size = 53175, upload-time = "2025-08-09T07:57:26.864Z" },
]

[[package]]
name = "colorama"
version = "0.4.6"
source = { registry = "https://pypi.org/simple" }
sdist = { url = "https://files.pythonhosted.org/packages/d8/53/6f443c9a4a8358a93a6792e2acffb9d9d5cb0a5cfd8802644b7b1c9a02e4/colorama-0.4.6.tar.gz", hash = "sha256:08695f5cb7ed6e0531a20572697297273c47b8cae5a63ffc6d6ed5c201be6e44", size = 27697, upload-time = "2022-10-25T02:36:22.414Z" }
wheels = [
    { url = "https://files.pythonhosted.org/packages/d1/d6/3965ed04c63042e047cb6a3e6ed1a63a35087b6a609aa3a15ed8ac56c221/colorama-0.4.6-py2.py3-none-any.whl", hash = "sha256:4f1d9991f5acc0ca119f9d443620b77f9d6b33703e51011c16baf57afb285fc6", size = 25335, upload-time = "2022-10-25T02:36:20.889Z" },
]

[[package]]
name = "grpcio"
version = "1.74.0"
source = { registry = "https://pypi.org/simple" }
sdist = { url = "https://files.pythonhosted.org/packages/38/b4/35feb8f7cab7239c5b94bd2db71abb3d6adb5f335ad8f131abb6060840b6/grpcio-1.74.0.tar.gz", hash = "sha256:80d1f4fbb35b0742d3e3d3bb654b7381cd5f015f8497279a1e9c21ba623e01b1", size = 12756048, upload-time = "2025-07-24T18:54:23.039Z" }
wheels = [
    { url = "https://files.pythonhosted.org/packages/e7/77/b2f06db9f240a5abeddd23a0e49eae2b6ac54d85f0e5267784ce02269c3b/grpcio-1.74.0-cp311-cp311-linux_armv7l.whl", hash = "sha256:69e1a8180868a2576f02356565f16635b99088da7df3d45aaa7e24e73a054e31", size = 5487368, upload-time = "2025-07-24T18:53:03.548Z" },
    { url = "https://files.pythonhosted.org/packages/48/99/0ac8678a819c28d9a370a663007581744a9f2a844e32f0fa95e1ddda5b9e/grpcio-1.74.0-cp311-cp311-macosx_11_0_universal2.whl", hash = "sha256:8efe72fde5500f47aca1ef59495cb59c885afe04ac89dd11d810f2de87d935d4", size = 10999804, upload-time = "2025-07-24T18:53:05.095Z" },
    { url = "https://files.pythonhosted.org/packages/45/c6/a2d586300d9e14ad72e8dc211c7aecb45fe9846a51e558c5bca0c9102c7f/grpcio-1.74.0-cp311-cp311-manylinux_2_17_aarch64.whl", hash = "sha256:a8f0302f9ac4e9923f98d8e243939a6fb627cd048f5cd38595c97e38020dffce", size = 5987667, upload-time = "2025-07-24T18:53:07.157Z" },
    { url = "https://files.pythonhosted.org/packages/c9/57/5f338bf56a7f22584e68d669632e521f0de460bb3749d54533fc3d0fca4f/grpcio-1.74.0-cp311-cp311-manylinux_2_17_i686.manylinux2014_i686.whl", hash = "sha256:2f609a39f62a6f6f05c7512746798282546358a37ea93c1fcbadf8b2fed162e3", size = 6655612, upload-time = "2025-07-24T18:53:09.244Z" },
    { url = "https://files.pythonhosted.org/packages/82/ea/a4820c4c44c8b35b1903a6c72a5bdccec92d0840cf5c858c498c66786ba5/grpcio-1.74.0-cp311-cp311-manylinux_2_17_x86_64.manylinux2014_x86_64.whl", hash = "sha256:c98e0b7434a7fa4e3e63f250456eaef52499fba5ae661c58cc5b5477d11e7182", size = 6219544, upload-time = "2025-07-24T18:53:11.221Z" },
    { url = "https://files.pythonhosted.org/packages/a4/17/0537630a921365928f5abb6d14c79ba4dcb3e662e0dbeede8af4138d9dcf/grpcio-1.74.0-cp311-cp311-musllinux_1_1_aarch64.whl", hash = "sha256:662456c4513e298db6d7bd9c3b8df6f75f8752f0ba01fb653e252ed4a59b5a5d", size = 6334863, upload-time = "2025-07-24T18:53:12.925Z" },
    { url = "https://files.pythonhosted.org/packages/e2/a6/85ca6cb9af3f13e1320d0a806658dca432ff88149d5972df1f7b51e87127/grpcio-1.74.0-cp311-cp311-musllinux_1_1_i686.whl", hash = "sha256:3d14e3c4d65e19d8430a4e28ceb71ace4728776fd6c3ce34016947474479683f", size = 7019320, upload-time = "2025-07-24T18:53:15.002Z" },
    { url = "https://files.pythonhosted.org/packages/4f/a7/fe2beab970a1e25d2eff108b3cf4f7d9a53c185106377a3d1989216eba45/grpcio-1.74.0-cp311-cp311-musllinux_1_1_x86_64.whl", hash = "sha256:1bf949792cee20d2078323a9b02bacbbae002b9e3b9e2433f2741c15bdeba1c4", size = 6514228, upload-time = "2025-07-24T18:53:16.999Z" },
    { url = "https://files.pythonhosted.org/packages/6a/c2/2f9c945c8a248cebc3ccda1b7a1bf1775b9d7d59e444dbb18c0014e23da6/grpcio-1.74.0-cp311-cp311-win32.whl", hash = "sha256:55b453812fa7c7ce2f5c88be3018fb4a490519b6ce80788d5913f3f9d7da8c7b", size = 3817216, upload-time = "2025-07-24T18:53:20.564Z" },
    { url = "https://files.pythonhosted.org/packages/ff/d1/a9cf9c94b55becda2199299a12b9feef0c79946b0d9d34c989de6d12d05d/grpcio-1.74.0-cp311-cp311-win_amd64.whl", hash = "sha256:86ad489db097141a907c559988c29718719aa3e13370d40e20506f11b4de0d11", size = 4495380, upload-time = "2025-07-24T18:53:22.058Z" },
]

[[package]]
name = "grpcio-tools"
version = "1.74.0"
source = { registry = "https://pypi.org/simple" }
dependencies = [
    { name = "grpcio" },
    { name = "protobuf" },
    { name = "setuptools" },
]
sdist = { url = "https://files.pythonhosted.org/packages/90/c8/bca79cb8c14bb63027831039919c801db9f593c7504c09433934f5dff6a4/grpcio_tools-1.74.0.tar.gz", hash = "sha256:88ab9eb18b6ac1b4872add6b394073bd8d44eee7c32e4dc60a022e25ffaffb95", size = 5390007, upload-time = "2025-07-24T18:57:23.852Z" }
wheels = [
    { url = "https://files.pythonhosted.org/packages/43/50/7bafe168b4b3494e7b96d4838b0d35eab62e5c74bf9c91e8f14233c94f60/grpcio_tools-1.74.0-cp311-cp311-linux_armv7l.whl", hash = "sha256:9d9e28fbbab9b9e923c3d286949e8ff81ebbb402458698f0a2b1183b539779db", size = 2545457, upload-time = "2025-07-24T18:56:12.589Z" },
    { url = "https://files.pythonhosted.org/packages/8b/1c/8a0eb4e101f2fe8edc12851ddfccf4f2498d5f23d444ea73d09c94202b46/grpcio_tools-1.74.0-cp311-cp311-macosx_11_0_universal2.whl", hash = "sha256:41040eb1b5d1e582687f6f19cf2efc4c191b6eab56b16f6fba50ac085c5ca4dd", size = 5842973, upload-time = "2025-07-24T18:56:14.063Z" },
    { url = "https://files.pythonhosted.org/packages/bb/f2/eb1bac2dd6397f5ca271e6cb2566b61d4a4bf8df07db0988bc55200f254d/grpcio_tools-1.74.0-cp311-cp311-manylinux_2_17_aarch64.whl", hash = "sha256:1fdc013118e4e9054b6e1a64d16a0d4a17a4071042e674ada8673406ddb26e59", size = 2515918, upload-time = "2025-07-24T18:56:15.572Z" },
    { url = "https://files.pythonhosted.org/packages/6b/fe/d270fd30ccd04d5faa9c3f2796ce56a0597eddf327a0fc746ccbb273cdd9/grpcio_tools-1.74.0-cp311-cp311-manylinux_2_17_i686.manylinux2014_i686.whl", hash = "sha256:f037414c527a2c4a3af15451d9e58d7856d0a62b3f6dd3f5b969ecba82f5e843", size = 2904944, upload-time = "2025-07-24T18:56:17.091Z" },
    { url = "https://files.pythonhosted.org/packages/91/9f/3adb6e1ae826d9097745f4ad38a84c8c2edb4d768871222c95aa541f8e54/grpcio_tools-1.74.0-cp311-cp311-manylinux_2_17_x86_64.manylinux2014_x86_64.whl", hash = "sha256:536f53a6a8d1ba1c469d085066cfa0dd3bb51f07013b71857bc3ad1eabe3ab49", size = 2656300, upload-time = "2025-07-24T18:56:18.51Z" },
    { url = "https://files.pythonhosted.org/packages/3f/15/e532439218674c9e451e7f965a0a6bcd53344c4178c62dc1acd66ed93797/grpcio_tools-1.74.0-cp311-cp311-musllinux_1_1_aarch64.whl", hash = "sha256:1e23ff54dea7f6e9543dcebd2c0f4b7c9af39812966c05e1c5289477cb2bf2f7", size = 3051857, upload-time = "2025-07-24T18:56:19.982Z" },
    { url = "https://files.pythonhosted.org/packages/ca/06/a63aeb1a16ab1508f2ed349faafb4e2e1fb2b048168a033e7392adab14c7/grpcio_tools-1.74.0-cp311-cp311-musllinux_1_1_i686.whl", hash = "sha256:76072dee9fa99b33eb0c334a16e70d694df762df705c7a2481f702af33d81a28", size = 3501682, upload-time = "2025-07-24T18:56:21.65Z" },
    { url = "https://files.pythonhosted.org/packages/47/1f/81da8c39874d9152fba5fa2bf3b6708c29ea3621fde30667509b9124ef06/grpcio_tools-1.74.0-cp311-cp311-musllinux_1_1_x86_64.whl", hash = "sha256:1bdf91eb722f2990085b1342c277e212ec392e37bd493a2a21d9eb9238f28c3e", size = 3125364, upload-time = "2025-07-24T18:56:23.095Z" },
    { url = "https://files.pythonhosted.org/packages/a3/64/a23256ecd34ceebe8aac8adedd4f65ed240572662899acb779cfcf5e0277/grpcio_tools-1.74.0-cp311-cp311-win32.whl", hash = "sha256:a036cd2a4223901e7a9f6a9b394326a9352a4ad70bdd3f1d893f1b231fcfdf7e", size = 993385, upload-time = "2025-07-24T18:56:25.054Z" },
    { url = "https://files.pythonhosted.org/packages/dc/b8/a0d7359d93f0a2bbaf3b0d43eb8fa3e9f315e03ef4a4ebe05b4315a64644/grpcio_tools-1.74.0-cp311-cp311-win_amd64.whl", hash = "sha256:d1fdf245178158a92a2dc78e3545b6d13b6c917d9b80931fc85cfb3e9534a07d", size = 1157908, upload-time = "2025-07-24T18:56:27.042Z" },
]

[[package]]
name = "idna"
version = "3.10"
source = { registry = "https://pypi.org/simple" }
sdist = { url = "https://files.pythonhosted.org/packages/f1/70/7703c29685631f5a7590aa73f1f1d3fa9a380e654b86af429e0934a32f7d/idna-3.10.tar.gz", hash = "sha256:12f65c9b470abda6dc35cf8e63cc574b1c52b11df2c86030af0ac09b01b13ea9", size = 190490, upload-time = "2024-09-15T18:07:39.745Z" }
wheels = [
    { url = "https://files.pythonhosted.org/packages/76/c6/c88e154df9c4e1a2a66ccf0005a88dfb2650c1dffb6f5ce603dfbd452ce3/idna-3.10-py3-none-any.whl", hash = "sha256:946d195a0d259cbba61165e88e65941f16e9b36ea6ddb97f00452bae8b1287d3", size = 70442, upload-time = "2024-09-15T18:07:37.964Z" },
]

[[package]]
name = "iniconfig"
version = "2.1.0"
source = { registry = "https://pypi.org/simple" }
sdist = { url = "https://files.pythonhosted.org/packages/f2/97/ebf4da567aa6827c909642694d71c9fcf53e5b504f2d96afea02718862f3/iniconfig-2.1.0.tar.gz", hash = "sha256:3abbd2e30b36733fee78f9c7f7308f2d0050e88f0087fd25c2645f63c773e1c7", size = 4793, upload-time = "2025-03-19T20:09:59.721Z" }
wheels = [
    { url = "https://files.pythonhosted.org/packages/2c/e1/e6716421ea10d38022b952c159d5161ca1193197fb744506875fbb87ea7b/iniconfig-2.1.0-py3-none-any.whl", hash = "sha256:9deba5723312380e77435581c6bf4935c94cbfab9b1ed33ef8d238ea168eb760", size = 6050, upload-time = "2025-03-19T20:10:01.071Z" },
]

[[package]]
name = "numpy"
version = "2.3.2"
source = { registry = "https://pypi.org/simple" }
sdist = { url = "https://files.pythonhosted.org/packages/37/7d/3fec4199c5ffb892bed55cff901e4f39a58c81df9c44c280499e92cad264/numpy-2.3.2.tar.gz", hash = "sha256:e0486a11ec30cdecb53f184d496d1c6a20786c81e55e41640270130056f8ee48", size = 20489306, upload-time = "2025-07-24T21:32:07.553Z" }
wheels = [
    { url = "https://files.pythonhosted.org/packages/96/26/1320083986108998bd487e2931eed2aeedf914b6e8905431487543ec911d/numpy-2.3.2-cp311-cp311-macosx_10_9_x86_64.whl", hash = "sha256:852ae5bed3478b92f093e30f785c98e0cb62fa0a939ed057c31716e18a7a22b9", size = 21259016, upload-time = "2025-07-24T20:24:35.214Z" },
    { url = "https://files.pythonhosted.org/packages/c4/2b/792b341463fa93fc7e55abbdbe87dac316c5b8cb5e94fb7a59fb6fa0cda5/numpy-2.3.2-cp311-cp311-macosx_11_0_arm64.whl", hash = "sha256:7a0e27186e781a69959d0230dd9909b5e26024f8da10683bd6344baea1885168", size = 14451158, upload-time = "2025-07-24T20:24:58.397Z" },
    { url = "https://files.pythonhosted.org/packages/b7/13/e792d7209261afb0c9f4759ffef6135b35c77c6349a151f488f531d13595/numpy-2.3.2-cp311-cp311-macosx_14_0_arm64.whl", hash = "sha256:f0a1a8476ad77a228e41619af2fa9505cf69df928e9aaa165746584ea17fed2b", size = 5379817, upload-time = "2025-07-24T20:25:07.746Z" },
    { url = "https://files.pythonhosted.org/packages/49/ce/055274fcba4107c022b2113a213c7287346563f48d62e8d2a5176ad93217/numpy-2.3.2-cp311-cp311-macosx_14_0_x86_64.whl", hash = "sha256:cbc95b3813920145032412f7e33d12080f11dc776262df1712e1638207dde9e8", size = 6913606, upload-time = "2025-07-24T20:25:18.84Z" },
    { url = "https://files.pythonhosted.org/packages/17/f2/e4d72e6bc5ff01e2ab613dc198d560714971900c03674b41947e38606502/numpy-2.3.2-cp311-cp311-manylinux_2_27_aarch64.manylinux_2_28_aarch64.whl", hash = "sha256:f75018be4980a7324edc5930fe39aa391d5734531b1926968605416ff58c332d", size = 14589652, upload-time = "2025-07-24T20:25:40.356Z" },
    { url = "https://files.pythonhosted.org/packages/c8/b0/fbeee3000a51ebf7222016e2939b5c5ecf8000a19555d04a18f1e02521b8/numpy-2.3.2-cp311-cp311-manylinux_2_27_x86_64.manylinux_2_28_x86_64.whl", hash = "sha256:20b8200721840f5621b7bd03f8dcd78de33ec522fc40dc2641aa09537df010c3", size = 16938816, upload-time = "2025-07-24T20:26:05.721Z" },
    { url = "https://files.pythonhosted.org/packages/a9/ec/2f6c45c3484cc159621ea8fc000ac5a86f1575f090cac78ac27193ce82cd/numpy-2.3.2-cp311-cp311-musllinux_1_2_aarch64.whl", hash = "sha256:1f91e5c028504660d606340a084db4b216567ded1056ea2b4be4f9d10b67197f", size = 16370512, upload-time = "2025-07-24T20:26:30.545Z" },
    { url = "https://files.pythonhosted.org/packages/b5/01/dd67cf511850bd7aefd6347aaae0956ed415abea741ae107834aae7d6d4e/numpy-2.3.2-cp311-cp311-musllinux_1_2_x86_64.whl", hash = "sha256:fb1752a3bb9a3ad2d6b090b88a9a0ae1cd6f004ef95f75825e2f382c183b2097", size = 18884947, upload-time = "2025-07-24T20:26:58.24Z" },
    { url = "https://files.pythonhosted.org/packages/a7/17/2cf60fd3e6a61d006778735edf67a222787a8c1a7842aed43ef96d777446/numpy-2.3.2-cp311-cp311-win32.whl", hash = "sha256:4ae6863868aaee2f57503c7a5052b3a2807cf7a3914475e637a0ecd366ced220", size = 6599494, upload-time = "2025-07-24T20:27:09.786Z" },
    { url = "https://files.pythonhosted.org/packages/d5/03/0eade211c504bda872a594f045f98ddcc6caef2b7c63610946845e304d3f/numpy-2.3.2-cp311-cp311-win_amd64.whl", hash = "sha256:240259d6564f1c65424bcd10f435145a7644a65a6811cfc3201c4a429ba79170", size = 13087889, upload-time = "2025-07-24T20:27:29.558Z" },
    { url = "https://files.pythonhosted.org/packages/13/32/2c7979d39dafb2a25087e12310fc7f3b9d3c7d960df4f4bc97955ae0ce1d/numpy-2.3.2-cp311-cp311-win_arm64.whl", hash = "sha256:4209f874d45f921bde2cff1ffcd8a3695f545ad2ffbef6d3d3c6768162efab89", size = 10459560, upload-time = "2025-07-24T20:27:46.803Z" },
    { url = "https://files.pythonhosted.org/packages/cf/ea/50ebc91d28b275b23b7128ef25c3d08152bc4068f42742867e07a870a42a/numpy-2.3.2-pp311-pypy311_pp73-macosx_10_15_x86_64.whl", hash = "sha256:14a91ebac98813a49bc6aa1a0dfc09513dcec1d97eaf31ca21a87221a1cdcb15", size = 21130338, upload-time = "2025-07-24T20:57:54.37Z" },
    { url = "https://files.pythonhosted.org/packages/9f/57/cdd5eac00dd5f137277355c318a955c0d8fb8aa486020c22afd305f8b88f/numpy-2.3.2-pp311-pypy311_pp73-macosx_11_0_arm64.whl", hash = "sha256:71669b5daae692189540cffc4c439468d35a3f84f0c88b078ecd94337f6cb0ec", size = 14375776, upload-time = "2025-07-24T20:58:16.303Z" },
    { url = "https://files.pythonhosted.org/packages/83/85/27280c7f34fcd305c2209c0cdca4d70775e4859a9eaa92f850087f8dea50/numpy-2.3.2-pp311-pypy311_pp73-macosx_14_0_arm64.whl", hash = "sha256:69779198d9caee6e547adb933941ed7520f896fd9656834c300bdf4dd8642712", size = 5304882, upload-time = "2025-07-24T20:58:26.199Z" },
    { url = "https://files.pythonhosted.org/packages/48/b4/6500b24d278e15dd796f43824e69939d00981d37d9779e32499e823aa0aa/numpy-2.3.2-pp311-pypy311_pp73-macosx_14_0_x86_64.whl", hash = "sha256:2c3271cc4097beb5a60f010bcc1cc204b300bb3eafb4399376418a83a1c6373c", size = 6818405, upload-time = "2025-07-24T20:58:37.341Z" },
    { url = "https://files.pythonhosted.org/packages/9b/c9/142c1e03f199d202da8e980c2496213509291b6024fd2735ad28ae7065c7/numpy-2.3.2-pp311-pypy311_pp73-manylinux_2_27_aarch64.manylinux_2_28_aarch64.whl", hash = "sha256:8446acd11fe3dc1830568c941d44449fd5cb83068e5c70bd5a470d323d448296", size = 14419651, upload-time = "2025-07-24T20:58:59.048Z" },
    { url = "https://files.pythonhosted.org/packages/8b/95/8023e87cbea31a750a6c00ff9427d65ebc5fef104a136bfa69f76266d614/numpy-2.3.2-pp311-pypy311_pp73-manylinux_2_27_x86_64.manylinux_2_28_x86_64.whl", hash = "sha256:aa098a5ab53fa407fded5870865c6275a5cd4101cfdef8d6fafc48286a96e981", size = 16760166, upload-time = "2025-07-24T21:28:56.38Z" },
    { url = "https://files.pythonhosted.org/packages/78/e3/6690b3f85a05506733c7e90b577e4762517404ea78bab2ca3a5cb1aeb78d/numpy-2.3.2-pp311-pypy311_pp73-win_amd64.whl", hash = "sha256:6936aff90dda378c09bea075af0d9c675fe3a977a9d2402f95a87f440f59f619", size = 12977811, upload-time = "2025-07-24T21:29:18.234Z" },
]

[[package]]
name = "packaging"
version = "25.0"
source = { registry = "https://pypi.org/simple" }
sdist = { url = "https://files.pythonhosted.org/packages/a1/d4/1fc4078c65507b51b96ca8f8c3ba19e6a61c8253c72794544580a7b6c24d/packaging-25.0.tar.gz", hash = "sha256:d443872c98d677bf60f6a1f2f8c1cb748e8fe762d2bf9d3148b5599295b0fc4f", size = 165727, upload-time = "2025-04-19T11:48:59.673Z" }
wheels = [
    { url = "https://files.pythonhosted.org/packages/20/12/38679034af332785aac8774540895e234f4d07f7545804097de4b666afd8/packaging-25.0-py3-none-any.whl", hash = "sha256:29572ef2b1f17581046b3a2227d5c611fb25ec70ca1ba8554b24b0e69331a484", size = 66469, upload-time = "2025-04-19T11:48:57.875Z" },
]

[[package]]
name = "pandas"
version = "2.3.2"
source = { registry = "https://pypi.org/simple" }
dependencies = [
    { name = "numpy" },
    { name = "python-dateutil" },
    { name = "pytz" },
    { name = "tzdata" },
]
sdist = { url = "https://files.pythonhosted.org/packages/79/8e/0e90233ac205ad182bd6b422532695d2b9414944a280488105d598c70023/pandas-2.3.2.tar.gz", hash = "sha256:ab7b58f8f82706890924ccdfb5f48002b83d2b5a3845976a9fb705d36c34dcdb", size = 4488684, upload-time = "2025-08-21T10:28:29.257Z" }
wheels = [
    { url = "https://files.pythonhosted.org/packages/7a/59/f3e010879f118c2d400902d2d871c2226cef29b08c09fb8dc41111730400/pandas-2.3.2-cp311-cp311-macosx_10_9_x86_64.whl", hash = "sha256:1333e9c299adcbb68ee89a9bb568fc3f20f9cbb419f1dd5225071e6cddb2a743", size = 11563308, upload-time = "2025-08-21T10:26:56.656Z" },
    { url = "https://files.pythonhosted.org/packages/38/18/48f10f1cc5c397af59571d638d211f494dba481f449c19adbd282aa8f4ca/pandas-2.3.2-cp311-cp311-macosx_11_0_arm64.whl", hash = "sha256:76972bcbd7de8e91ad5f0ca884a9f2c477a2125354af624e022c49e5bd0dfff4", size = 10820319, upload-time = "2025-08-21T10:26:59.162Z" },
    { url = "https://files.pythonhosted.org/packages/95/3b/1e9b69632898b048e223834cd9702052bcf06b15e1ae716eda3196fb972e/pandas-2.3.2-cp311-cp311-manylinux_2_17_aarch64.manylinux2014_aarch64.whl", hash = "sha256:b98bdd7c456a05eef7cd21fd6b29e3ca243591fe531c62be94a2cc987efb5ac2", size = 11790097, upload-time = "2025-08-21T10:27:02.204Z" },
    { url = "https://files.pythonhosted.org/packages/8b/ef/0e2ffb30b1f7fbc9a588bd01e3c14a0d96854d09a887e15e30cc19961227/pandas-2.3.2-cp311-cp311-manylinux_2_17_x86_64.manylinux2014_x86_64.whl", hash = "sha256:1d81573b3f7db40d020983f78721e9bfc425f411e616ef019a10ebf597aedb2e", size = 12397958, upload-time = "2025-08-21T10:27:05.409Z" },
    { url = "https://files.pythonhosted.org/packages/23/82/e6b85f0d92e9afb0e7f705a51d1399b79c7380c19687bfbf3d2837743249/pandas-2.3.2-cp311-cp311-musllinux_1_2_aarch64.whl", hash = "sha256:e190b738675a73b581736cc8ec71ae113d6c3768d0bd18bffa5b9a0927b0b6ea", size = 13225600, upload-time = "2025-08-21T10:27:07.791Z" },
    { url = "https://files.pythonhosted.org/packages/e8/f1/f682015893d9ed51611948bd83683670842286a8edd4f68c2c1c3b231eef/pandas-2.3.2-cp311-cp311-musllinux_1_2_x86_64.whl", hash = "sha256:c253828cb08f47488d60f43c5fc95114c771bbfff085da54bfc79cb4f9e3a372", size = 13879433, upload-time = "2025-08-21T10:27:10.347Z" },
    { url = "https://files.pythonhosted.org/packages/a7/e7/ae86261695b6c8a36d6a4c8d5f9b9ede8248510d689a2f379a18354b37d7/pandas-2.3.2-cp311-cp311-win_amd64.whl", hash = "sha256:9467697b8083f9667b212633ad6aa4ab32436dcbaf4cd57325debb0ddef2012f", size = 11336557, upload-time = "2025-08-21T10:27:12.983Z" },
]

[[package]]
name = "pluggy"
version = "1.6.0"
source = { registry = "https://pypi.org/simple" }
sdist = { url = "https://files.pythonhosted.org/packages/f9/e2/3e91f31a7d2b083fe6ef3fa267035b518369d9511ffab804f839851d2779/pluggy-1.6.0.tar.gz", hash = "sha256:7dcc130b76258d33b90f61b658791dede3486c3e6bfb003ee5c9bfb396dd22f3", size = 69412, upload-time = "2025-05-15T12:30:07.975Z" }
wheels = [
    { url = "https://files.pythonhosted.org/packages/54/20/4d324d65cc6d9205fabedc306948156824eb9f0ee1633355a8f7ec5c66bf/pluggy-1.6.0-py3-none-any.whl", hash = "sha256:e920276dd6813095e9377c0bc5566d94c932c33b27a3e3945d8389c374dd4746", size = 20538, upload-time = "2025-05-15T12:30:06.134Z" },
]

[[package]]
name = "protobuf"
version = "6.32.0"
source = { registry = "https://pypi.org/simple" }
sdist = { url = "https://files.pythonhosted.org/packages/c0/df/fb4a8eeea482eca989b51cffd274aac2ee24e825f0bf3cbce5281fa1567b/protobuf-6.32.0.tar.gz", hash = "sha256:a81439049127067fc49ec1d36e25c6ee1d1a2b7be930675f919258d03c04e7d2", size = 440614, upload-time = "2025-08-14T21:21:25.015Z" }
wheels = [
    { url = "https://files.pythonhosted.org/packages/33/18/df8c87da2e47f4f1dcc5153a81cd6bca4e429803f4069a299e236e4dd510/protobuf-6.32.0-cp310-abi3-win32.whl", hash = "sha256:84f9e3c1ff6fb0308dbacb0950d8aa90694b0d0ee68e75719cb044b7078fe741", size = 424409, upload-time = "2025-08-14T21:21:12.366Z" },
    { url = "https://files.pythonhosted.org/packages/e1/59/0a820b7310f8139bd8d5a9388e6a38e1786d179d6f33998448609296c229/protobuf-6.32.0-cp310-abi3-win_amd64.whl", hash = "sha256:a8bdbb2f009cfc22a36d031f22a625a38b615b5e19e558a7b756b3279723e68e", size = 435735, upload-time = "2025-08-14T21:21:15.046Z" },
    { url = "https://files.pythonhosted.org/packages/cc/5b/0d421533c59c789e9c9894683efac582c06246bf24bb26b753b149bd88e4/protobuf-6.32.0-cp39-abi3-macosx_10_9_universal2.whl", hash = "sha256:d52691e5bee6c860fff9a1c86ad26a13afbeb4b168cd4445c922b7e2cf85aaf0", size = 426449, upload-time = "2025-08-14T21:21:16.687Z" },
    { url = "https://files.pythonhosted.org/packages/ec/7b/607764ebe6c7a23dcee06e054fd1de3d5841b7648a90fd6def9a3bb58c5e/protobuf-6.32.0-cp39-abi3-manylinux2014_aarch64.whl", hash = "sha256:501fe6372fd1c8ea2a30b4d9be8f87955a64d6be9c88a973996cef5ef6f0abf1", size = 322869, upload-time = "2025-08-14T21:21:18.282Z" },
    { url = "https://files.pythonhosted.org/packages/40/01/2e730bd1c25392fc32e3268e02446f0d77cb51a2c3a8486b1798e34d5805/protobuf-6.32.0-cp39-abi3-manylinux2014_x86_64.whl", hash = "sha256:75a2aab2bd1aeb1f5dc7c5f33bcb11d82ea8c055c9becbb41c26a8c43fd7092c", size = 322009, upload-time = "2025-08-14T21:21:19.893Z" },
    { url = "https://files.pythonhosted.org/packages/9c/f2/80ffc4677aac1bc3519b26bc7f7f5de7fce0ee2f7e36e59e27d8beb32dd1/protobuf-6.32.0-py3-none-any.whl", hash = "sha256:ba377e5b67b908c8f3072a57b63e2c6a4cbd18aea4ed98d2584350dbf46f2783", size = 169287, upload-time = "2025-08-14T21:21:23.515Z" },
]

[[package]]
name = "py4j"
version = "0.10.9.9"
source = { registry = "https://pypi.org/simple" }
sdist = { url = "https://files.pythonhosted.org/packages/38/31/0b210511177070c8d5d3059556194352e5753602fa64b85b7ab81ec1a009/py4j-0.10.9.9.tar.gz", hash = "sha256:f694cad19efa5bd1dee4f3e5270eb406613c974394035e5bfc4ec1aba870b879", size = 761089, upload-time = "2025-01-15T03:53:18.624Z" }
wheels = [
    { url = "https://files.pythonhosted.org/packages/bd/db/ea0203e495be491c85af87b66e37acfd3bf756fd985f87e46fc5e3bf022c/py4j-0.10.9.9-py2.py3-none-any.whl", hash = "sha256:c7c26e4158defb37b0bb124933163641a2ff6e3a3913f7811b0ddbe07ed61533", size = 203008, upload-time = "2025-01-15T03:53:15.648Z" },
]

[[package]]
name = "pygments"
version = "2.19.2"
source = { registry = "https://pypi.org/simple" }
sdist = { url = "https://files.pythonhosted.org/packages/b0/77/a5b8c569bf593b0140bde72ea885a803b82086995367bf2037de0159d924/pygments-2.19.2.tar.gz", hash = "sha256:636cb2477cec7f8952536970bc533bc43743542f70392ae026374600add5b887", size = 4968631, upload-time = "2025-06-21T13:39:12.283Z" }
wheels = [
    { url = "https://files.pythonhosted.org/packages/c7/21/705964c7812476f378728bdf590ca4b771ec72385c533964653c68e86bdc/pygments-2.19.2-py3-none-any.whl", hash = "sha256:86540386c03d588bb81d44bc3928634ff26449851e99741617ecb9037ee5ec0b", size = 1225217, upload-time = "2025-06-21T13:39:07.939Z" },
]

[[package]]
name = "pyspark"
version = "4.0.0"
source = { registry = "https://pypi.org/simple" }
dependencies = [
    { name = "py4j" },
]
sdist = { url = "https://files.pythonhosted.org/packages/9d/0e/5b38d51f1b1c2618cccfbf35093268665af9a3bdb493e5a3ecd991def633/pyspark-4.0.0.tar.gz", hash = "sha256:38db1b4f6095a080d7605e578d775528990e66dc326311d93e94a71cfc24e5a5", size = 434132212, upload-time = "2025-05-23T03:29:33.916Z" }

[[package]]
name = "pyspark-api"
version = "0.3"
source = { editable = "." }
dependencies = [
    { name = "grpcio" },
    { name = "grpcio-tools" },
    { name = "pandas" },
    { name = "pyspark" },
    { name = "pytest" },
    { name = "requests" },
    { name = "ruff" },
]

[package.metadata]
requires-dist = [
    { name = "grpcio" },
    { name = "grpcio-tools" },
    { name = "pandas" },
    { name = "pyspark" },
    { name = "pytest" },
    { name = "requests" },
    { name = "ruff" },
]

[[package]]
name = "pytest"
version = "8.4.1"
source = { registry = "https://pypi.org/simple" }
dependencies = [
    { name = "colorama", marker = "sys_platform == 'win32'" },
    { name = "iniconfig" },
    { name = "packaging" },
    { name = "pluggy" },
    { name = "pygments" },
]
sdist = { url = "https://files.pythonhosted.org/packages/08/ba/45911d754e8eba3d5a841a5ce61a65a685ff1798421ac054f85aa8747dfb/pytest-8.4.1.tar.gz", hash = "sha256:7c67fd69174877359ed9371ec3af8a3d2b04741818c51e5e99cc1742251fa93c", size = 1517714, upload-time = "2025-06-18T05:48:06.109Z" }
wheels = [
    { url = "https://files.pythonhosted.org/packages/29/16/c8a903f4c4dffe7a12843191437d7cd8e32751d5de349d45d3fe69544e87/pytest-8.4.1-py3-none-any.whl", hash = "sha256:539c70ba6fcead8e78eebbf1115e8b589e7565830d7d006a8723f19ac8a0afb7", size = 365474, upload-time = "2025-06-18T05:48:03.955Z" },
]

[[package]]
name = "python-dateutil"
version = "2.9.0.post0"
source = { registry = "https://pypi.org/simple" }
dependencies = [
    { name = "six" },
]
sdist = { url = "https://files.pythonhosted.org/packages/66/c0/0c8b6ad9f17a802ee498c46e004a0eb49bc148f2fd230864601a86dcf6db/python-dateutil-2.9.0.post0.tar.gz", hash = "sha256:37dd54208da7e1cd875388217d5e00ebd4179249f90fb72437e91a35459a0ad3", size = 342432, upload-time = "2024-03-01T18:36:20.211Z" }
wheels = [
    { url = "https://files.pythonhosted.org/packages/ec/57/56b9bcc3c9c6a792fcbaf139543cee77261f3651ca9da0c93f5c1221264b/python_dateutil-2.9.0.post0-py2.py3-none-any.whl", hash = "sha256:a8b2bc7bffae282281c8140a97d3aa9c14da0b136dfe83f850eea9a5f7470427", size = 229892, upload-time = "2024-03-01T18:36:18.57Z" },
]

[[package]]
name = "pytz"
version = "2025.2"
source = { registry = "https://pypi.org/simple" }
sdist = { url = "https://files.pythonhosted.org/packages/f8/bf/abbd3cdfb8fbc7fb3d4d38d320f2441b1e7cbe29be4f23797b4a2b5d8aac/pytz-2025.2.tar.gz", hash = "sha256:360b9e3dbb49a209c21ad61809c7fb453643e048b38924c765813546746e81c3", size = 320884, upload-time = "2025-03-25T02:25:00.538Z" }
wheels = [
    { url = "https://files.pythonhosted.org/packages/81/c4/34e93fe5f5429d7570ec1fa436f1986fb1f00c3e0f43a589fe2bbcd22c3f/pytz-2025.2-py2.py3-none-any.whl", hash = "sha256:5ddf76296dd8c44c26eb8f4b6f35488f3ccbf6fbbd7adee0b7262d43f0ec2f00", size = 509225, upload-time = "2025-03-25T02:24:58.468Z" },
]

[[package]]
name = "requests"
version = "2.32.5"
source = { registry = "https://pypi.org/simple" }
dependencies = [
    { name = "certifi" },
    { name = "charset-normalizer" },
    { name = "idna" },
    { name = "urllib3" },
]
sdist = { url = "https://files.pythonhosted.org/packages/c9/74/b3ff8e6c8446842c3f5c837e9c3dfcfe2018ea6ecef224c710c85ef728f4/requests-2.32.5.tar.gz", hash = "sha256:dbba0bac56e100853db0ea71b82b4dfd5fe2bf6d3754a8893c3af500cec7d7cf", size = 134517, upload-time = "2025-08-18T20:46:02.573Z" }
wheels = [
    { url = "https://files.pythonhosted.org/packages/1e/db/4254e3eabe8020b458f1a747140d32277ec7a271daf1d235b70dc0b4e6e3/requests-2.32.5-py3-none-any.whl", hash = "sha256:2462f94637a34fd532264295e186976db0f5d453d1cdd31473c85a6a161affb6", size = 64738, upload-time = "2025-08-18T20:46:00.542Z" },
]

[[package]]
name = "ruff"
version = "0.12.11"
source = { registry = "https://pypi.org/simple" }
sdist = { url = "https://files.pythonhosted.org/packages/de/55/16ab6a7d88d93001e1ae4c34cbdcfb376652d761799459ff27c1dc20f6fa/ruff-0.12.11.tar.gz", hash = "sha256:c6b09ae8426a65bbee5425b9d0b82796dbb07cb1af045743c79bfb163001165d", size = 5347103, upload-time = "2025-08-28T13:59:08.87Z" }
wheels = [
    { url = "https://files.pythonhosted.org/packages/d6/a2/3b3573e474de39a7a475f3fbaf36a25600bfeb238e1a90392799163b64a0/ruff-0.12.11-py3-none-linux_armv6l.whl", hash = "sha256:93fce71e1cac3a8bf9200e63a38ac5c078f3b6baebffb74ba5274fb2ab276065", size = 11979885, upload-time = "2025-08-28T13:58:26.654Z" },
    { url = "https://files.pythonhosted.org/packages/76/e4/235ad6d1785a2012d3ded2350fd9bc5c5af8c6f56820e696b0118dfe7d24/ruff-0.12.11-py3-none-macosx_10_12_x86_64.whl", hash = "sha256:b8e33ac7b28c772440afa80cebb972ffd823621ded90404f29e5ab6d1e2d4b93", size = 12742364, upload-time = "2025-08-28T13:58:30.256Z" },
    { url = "https://files.pythonhosted.org/packages/2c/0d/15b72c5fe6b1e402a543aa9d8960e0a7e19dfb079f5b0b424db48b7febab/ruff-0.12.11-py3-none-macosx_11_0_arm64.whl", hash = "sha256:d69fb9d4937aa19adb2e9f058bc4fbfe986c2040acb1a4a9747734834eaa0bfd", size = 11920111, upload-time = "2025-08-28T13:58:33.677Z" },
    { url = "https://files.pythonhosted.org/packages/3e/c0/f66339d7893798ad3e17fa5a1e587d6fd9806f7c1c062b63f8b09dda6702/ruff-0.12.11-py3-none-manylinux_2_17_aarch64.manylinux2014_aarch64.whl", hash = "sha256:411954eca8464595077a93e580e2918d0a01a19317af0a72132283e28ae21bee", size = 12160060, upload-time = "2025-08-28T13:58:35.74Z" },
    { url = "https://files.pythonhosted.org/packages/03/69/9870368326db26f20c946205fb2d0008988aea552dbaec35fbacbb46efaa/ruff-0.12.11-py3-none-manylinux_2_17_armv7l.manylinux2014_armv7l.whl", hash = "sha256:6a2c0a2e1a450f387bf2c6237c727dd22191ae8c00e448e0672d624b2bbd7fb0", size = 11799848, upload-time = "2025-08-28T13:58:38.051Z" },
    { url = "https://files.pythonhosted.org/packages/25/8c/dd2c7f990e9b3a8a55eee09d4e675027d31727ce33cdb29eab32d025bdc9/ruff-0.12.11-py3-none-manylinux_2_17_i686.manylinux2014_i686.whl", hash = "sha256:8ca4c3a7f937725fd2413c0e884b5248a19369ab9bdd850b5781348ba283f644", size = 13536288, upload-time = "2025-08-28T13:58:40.046Z" },
    { url = "https://files.pythonhosted.org/packages/7a/30/d5496fa09aba59b5e01ea76775a4c8897b13055884f56f1c35a4194c2297/ruff-0.12.11-py3-none-manylinux_2_17_ppc64.manylinux2014_ppc64.whl", hash = "sha256:4d1df0098124006f6a66ecf3581a7f7e754c4df7644b2e6704cd7ca80ff95211", size = 14490633, upload-time = "2025-08-28T13:58:42.285Z" },
    { url = "https://files.pythonhosted.org/packages/9b/2f/81f998180ad53445d403c386549d6946d0748e536d58fce5b5e173511183/ruff-0.12.11-py3-none-manylinux_2_17_ppc64le.manylinux2014_ppc64le.whl", hash = "sha256:5a8dd5f230efc99a24ace3b77e3555d3fbc0343aeed3fc84c8d89e75ab2ff793", size = 13888430, upload-time = "2025-08-28T13:58:44.641Z" },
    { url = "https://files.pythonhosted.org/packages/87/71/23a0d1d5892a377478c61dbbcffe82a3476b050f38b5162171942a029ef3/ruff-0.12.11-py3-none-manylinux_2_17_s390x.manylinux2014_s390x.whl", hash = "sha256:4dc75533039d0ed04cd33fb8ca9ac9620b99672fe7ff1533b6402206901c34ee", size = 12913133, upload-time = "2025-08-28T13:58:47.039Z" },
    { url = "https://files.pythonhosted.org/packages/80/22/3c6cef96627f89b344c933781ed38329bfb87737aa438f15da95907cbfd5/ruff-0.12.11-py3-none-manylinux_2_17_x86_64.manylinux2014_x86_64.whl", hash = "sha256:4fc58f9266d62c6eccc75261a665f26b4ef64840887fc6cbc552ce5b29f96cc8", size = 13169082, upload-time = "2025-08-28T13:58:49.157Z" },
    { url = "https://files.pythonhosted.org/packages/05/b5/68b3ff96160d8b49e8dd10785ff3186be18fd650d356036a3770386e6c7f/ruff-0.12.11-py3-none-manylinux_2_31_riscv64.whl", hash = "sha256:5a0113bd6eafd545146440225fe60b4e9489f59eb5f5f107acd715ba5f0b3d2f", size = 13139490, upload-time = "2025-08-28T13:58:51.593Z" },
    { url = "https://files.pythonhosted.org/packages/59/b9/050a3278ecd558f74f7ee016fbdf10591d50119df8d5f5da45a22c6afafc/ruff-0.12.11-py3-none-musllinux_1_2_aarch64.whl", hash = "sha256:0d737b4059d66295c3ea5720e6efc152623bb83fde5444209b69cd33a53e2000", size = 11958928, upload-time = "2025-08-28T13:58:53.943Z" },
    { url = "https://files.pythonhosted.org/packages/f9/bc/93be37347db854806904a43b0493af8d6873472dfb4b4b8cbb27786eb651/ruff-0.12.11-py3-none-musllinux_1_2_armv7l.whl", hash = "sha256:916fc5defee32dbc1fc1650b576a8fed68f5e8256e2180d4d9855aea43d6aab2", size = 11764513, upload-time = "2025-08-28T13:58:55.976Z" },
    { url = "https://files.pythonhosted.org/packages/7a/a1/1471751e2015a81fd8e166cd311456c11df74c7e8769d4aabfbc7584c7ac/ruff-0.12.11-py3-none-musllinux_1_2_i686.whl", hash = "sha256:c984f07d7adb42d3ded5be894fb4007f30f82c87559438b4879fe7aa08c62b39", size = 12745154, upload-time = "2025-08-28T13:58:58.16Z" },
    { url = "https://files.pythonhosted.org/packages/68/ab/2542b14890d0f4872dd81b7b2a6aed3ac1786fae1ce9b17e11e6df9e31e3/ruff-0.12.11-py3-none-musllinux_1_2_x86_64.whl", hash = "sha256:e07fbb89f2e9249f219d88331c833860489b49cdf4b032b8e4432e9b13e8a4b9", size = 13227653, upload-time = "2025-08-28T13:59:00.276Z" },
    { url = "https://files.pythonhosted.org/packages/22/16/2fbfc61047dbfd009c58a28369a693a1484ad15441723be1cd7fe69bb679/ruff-0.12.11-py3-none-win32.whl", hash = "sha256:c792e8f597c9c756e9bcd4d87cf407a00b60af77078c96f7b6366ea2ce9ba9d3", size = 11944270, upload-time = "2025-08-28T13:59:02.347Z" },
    { url = "https://files.pythonhosted.org/packages/08/a5/34276984705bfe069cd383101c45077ee029c3fe3b28225bf67aa35f0647/ruff-0.12.11-py3-none-win_amd64.whl", hash = "sha256:a3283325960307915b6deb3576b96919ee89432ebd9c48771ca12ee8afe4a0fd", size = 13046600, upload-time = "2025-08-28T13:59:04.751Z" },
    { url = "https://files.pythonhosted.org/packages/84/a8/001d4a7c2b37623a3fd7463208267fb906df40ff31db496157549cfd6e72/ruff-0.12.11-py3-none-win_arm64.whl", hash = "sha256:bae4d6e6a2676f8fb0f98b74594a048bae1b944aab17e9f5d504062303c6dbea", size = 12135290, upload-time = "2025-08-28T13:59:06.933Z" },
]

[[package]]
name = "setuptools"
version = "80.9.0"
source = { registry = "https://pypi.org/simple" }
sdist = { url = "https://files.pythonhosted.org/packages/18/5d/3bf57dcd21979b887f014ea83c24ae194cfcd12b9e0fda66b957c69d1fca/setuptools-80.9.0.tar.gz", hash = "sha256:f36b47402ecde768dbfafc46e8e4207b4360c654f1f3bb84475f0a28628fb19c", size = 1319958, upload-time = "2025-05-27T00:56:51.443Z" }
wheels = [
    { url = "https://files.pythonhosted.org/packages/a3/dc/17031897dae0efacfea57dfd3a82fdd2a2aeb58e0ff71b77b87e44edc772/setuptools-80.9.0-py3-none-any.whl", hash = "sha256:062d34222ad13e0cc312a4c02d73f059e86a4acbfbdea8f8f76b28c99f306922", size = 1201486, upload-time = "2025-05-27T00:56:49.664Z" },
]

[[package]]
name = "six"
version = "1.17.0"
source = { registry = "https://pypi.org/simple" }
sdist = { url = "https://files.pythonhosted.org/packages/94/e7/b2c673351809dca68a0e064b6af791aa332cf192da575fd474ed7d6f16a2/six-1.17.0.tar.gz", hash = "sha256:ff70335d468e7eb6ec65b95b99d3a2836546063f63acc5171de367e834932a81", size = 34031, upload-time = "2024-12-04T17:35:28.174Z" }
wheels = [
    { url = "https://files.pythonhosted.org/packages/b7/ce/149a00dd41f10bc29e5921b496af8b574d8413afcd5e30dfa0ed46c2cc5e/six-1.17.0-py2.py3-none-any.whl", hash = "sha256:4721f391ed90541fddacab5acf947aa0d3dc7d27b2e1e8eda2be8970586c3274", size = 11050, upload-time = "2024-12-04T17:35:26.475Z" },
]

[[package]]
name = "tzdata"
version = "2025.2"
source = { registry = "https://pypi.org/simple" }
sdist = { url = "https://files.pythonhosted.org/packages/95/32/1a225d6164441be760d75c2c42e2780dc0873fe382da3e98a2e1e48361e5/tzdata-2025.2.tar.gz", hash = "sha256:b60a638fcc0daffadf82fe0f57e53d06bdec2f36c4df66280ae79bce6bd6f2b9", size = 196380, upload-time = "2025-03-23T13:54:43.652Z" }
wheels = [
    { url = "https://files.pythonhosted.org/packages/5c/23/c7abc0ca0a1526a0774eca151daeb8de62ec457e77262b66b359c3c7679e/tzdata-2025.2-py2.py3-none-any.whl", hash = "sha256:1a403fada01ff9221ca8044d701868fa132215d84beb92242d9acd2147f667a8", size = 347839, upload-time = "2025-03-23T13:54:41.845Z" },
]

[[package]]
name = "urllib3"
version = "2.5.0"
source = { registry = "https://pypi.org/simple" }
sdist = { url = "https://files.pythonhosted.org/packages/15/22/9ee70a2574a4f4599c47dd506532914ce044817c7752a79b6a51286319bc/urllib3-2.5.0.tar.gz", hash = "sha256:3fc47733c7e419d4bc3f6b3dc2b4f890bb743906a30d56ba4a5bfa4bbff92760", size = 393185, upload-time = "2025-06-18T14:07:41.644Z" }
wheels = [
    { url = "https://files.pythonhosted.org/packages/a7/c2/fe1e52489ae3122415c51f387e221dd0773709bad6c6cdaa599e8a2c5185/urllib3-2.5.0-py3-none-any.whl", hash = "sha256:e6b01673c0fa6a13e374b50871808eb3bf7046c4b125b216f6bf1cc604cff0dc", size = 129795, upload-time = "2025-06-18T14:07:40.39Z" },
]
